
Microsoft Visual Studio Solution File, Format Version 12.00
# Visual Studio Version 17
VisualStudioVersion = 17.8.34309.116
MinimumVisualStudioVersion = 10.0.40219.1
Project("{FAE04EC0-301F-11D3-BF4B-00C04F79EFBC}") = "dbc_FlagRoutePro", "dbc_FlagRoutePro.csproj", "{B16B4674-91D2-489F-ADB6-60C120E50DA3}"
EndProject
Project("{2150E333-8FDC-42A3-9474-1A3956D46DE8}") = "src", "src", "{18F4EB3C-2DB7-474E-BA76-3F4C2DE67B55}"
EndProject
Global
	GlobalSection(SolutionConfigurationPlatforms) = preSolution
		Debug|Any CPU = Debug|Any CPU
		Release|Any CPU = Release|Any CPU
	EndGlobalSection
	GlobalSection(ProjectConfigurationPlatforms) = postSolution
		{B16B4674-91D2-489F-ADB6-60C120E50DA3}.Debug|Any CPU.ActiveCfg = Debug|Any CPU
		{B16B4674-91D2-489F-ADB6-60C120E50DA3}.Debug|Any CPU.Build.0 = Debug|Any CPU
		{B16B4674-91D2-489F-ADB6-60C120E50DA3}.Release|Any CPU.ActiveCfg = Release|Any CPU
		{B16B4674-91D2-489F-ADB6-60C120E50DA3}.Release|Any CPU.Build.0 = Release|Any CPU
	EndGlobalSection
	GlobalSection(SolutionProperties) = preSolution
		HideSolutionNode = FALSE
	EndGlobalSection
	GlobalSection(NestedProjects) = preSolution
		{B16B4674-91D2-489F-ADB6-60C120E50DA3} = {18F4EB3C-2DB7-474E-BA76-3F4C2DE67B55}
	EndGlobalSection
	GlobalSection(ExtensibilityGlobals) = postSolution
		SolutionGuid = {11FDC69E-69E2-4E03-A441-A1E933EC4324}
	EndGlobalSection
EndGlobal
